// !$*UTF8*$!
{
	archiveVersion = 1;
	classes = {
	};
	objectVersion = 46;
	objects = {

/* Begin PBXBuildFile section */
		FB77B33016CD251D00EE09B2 /* Matrix2D.m in Sources */ = {isa = PBXBuildFile; fileRef = FBB9890816CCA4F20073418C /* Matrix2D.m */; };
		FB77B33216CD252400EE09B2 /* Vector2D.m in Sources */ = {isa = PBXBuildFile; fileRef = FBB9890A16CCA4F20073418C /* Vector2D.m */; };
		FBB7337816CE37580026B7EB /* WorldyObject.m in Sources */ = {isa = PBXBuildFile; fileRef = FBBFA99F16CCE36300BBA13D /* WorldyObject.m */; };
		FBB7BF9216CDD1A80057DC39 /* SenTestingKit.framework in Frameworks */ = {isa = PBXBuildFile; fileRef = FBB7BF9116CDD1A80057DC39 /* SenTestingKit.framework */; };
		FBB7BF9316CDD1A80057DC39 /* UIKit.framework in Frameworks */ = {isa = PBXBuildFile; fileRef = FBB988E416CCA1EF0073418C /* UIKit.framework */; };
		FBB7BF9416CDD1A80057DC39 /* Foundation.framework in Frameworks */ = {isa = PBXBuildFile; fileRef = FBB988E616CCA1EF0073418C /* Foundation.framework */; };
		FBB7BF9A16CDD1A80057DC39 /* InfoPlist.strings in Resources */ = {isa = PBXBuildFile; fileRef = FBB7BF9816CDD1A80057DC39 /* InfoPlist.strings */; };
		FBB7BF9D16CDD1A80057DC39 /* PhysicsLogicTests.m in Sources */ = {isa = PBXBuildFile; fileRef = FBB7BF9C16CDD1A80057DC39 /* PhysicsLogicTests.m */; };
		FBB7BFA916CDDA010057DC39 /* SenTestingKit.framework in Frameworks */ = {isa = PBXBuildFile; fileRef = FBB7BF9116CDD1A80057DC39 /* SenTestingKit.framework */; };
		FBB7BFAA16CDDA010057DC39 /* UIKit.framework in Frameworks */ = {isa = PBXBuildFile; fileRef = FBB988E416CCA1EF0073418C /* UIKit.framework */; };
		FBB7BFAB16CDDA010057DC39 /* Foundation.framework in Frameworks */ = {isa = PBXBuildFile; fileRef = FBB988E616CCA1EF0073418C /* Foundation.framework */; };
		FBB7BFB116CDDA010057DC39 /* InfoPlist.strings in Resources */ = {isa = PBXBuildFile; fileRef = FBB7BFAF16CDDA010057DC39 /* InfoPlist.strings */; };
		FBB7BFB416CDDA010057DC39 /* WorldyObjectTests.m in Sources */ = {isa = PBXBuildFile; fileRef = FBB7BFB316CDDA010057DC39 /* WorldyObjectTests.m */; };
		FBB7BFB916CDE1670057DC39 /* Matrix2D.m in Sources */ = {isa = PBXBuildFile; fileRef = FBB9890816CCA4F20073418C /* Matrix2D.m */; };
		FBB7BFBA16CDE1680057DC39 /* Matrix2D.m in Sources */ = {isa = PBXBuildFile; fileRef = FBB9890816CCA4F20073418C /* Matrix2D.m */; };
		FBB7BFBB16CDE16B0057DC39 /* Vector2D.m in Sources */ = {isa = PBXBuildFile; fileRef = FBB9890A16CCA4F20073418C /* Vector2D.m */; };
		FBB7BFBC16CDE16B0057DC39 /* Vector2D.m in Sources */ = {isa = PBXBuildFile; fileRef = FBB9890A16CCA4F20073418C /* Vector2D.m */; };
		FBB7BFBD16CDE16F0057DC39 /* World.m in Sources */ = {isa = PBXBuildFile; fileRef = FBBFA99816CCE23300BBA13D /* World.m */; };
		FBB7BFBE16CDE16F0057DC39 /* World.m in Sources */ = {isa = PBXBuildFile; fileRef = FBBFA99816CCE23300BBA13D /* World.m */; };
		FBB7BFBF16CDE1720057DC39 /* PhysicsLogic.m in Sources */ = {isa = PBXBuildFile; fileRef = FBBFA99C16CCE29800BBA13D /* PhysicsLogic.m */; };
		FBB7BFC016CDE1730057DC39 /* PhysicsLogic.m in Sources */ = {isa = PBXBuildFile; fileRef = FBBFA99C16CCE29800BBA13D /* PhysicsLogic.m */; };
		FBB7BFC116CDE1960057DC39 /* WorldyObject.m in Sources */ = {isa = PBXBuildFile; fileRef = FBBFA99F16CCE36300BBA13D /* WorldyObject.m */; };
		FBB7BFC316CDE2780057DC39 /* EnvironmentSettings.m in Sources */ = {isa = PBXBuildFile; fileRef = FBBFA9A716CCE79600BBA13D /* EnvironmentSettings.m */; };
		FBB7BFC416CDE27A0057DC39 /* EnvironmentSettings.m in Sources */ = {isa = PBXBuildFile; fileRef = FBBFA9A716CCE79600BBA13D /* EnvironmentSettings.m */; };
		FBB7BFC716CDE3B60057DC39 /* WorldyObjectTestSettings.m in Sources */ = {isa = PBXBuildFile; fileRef = FBB7BFC616CDE3B60057DC39 /* WorldyObjectTestSettings.m */; };
		FBB988E516CCA1EF0073418C /* UIKit.framework in Frameworks */ = {isa = PBXBuildFile; fileRef = FBB988E416CCA1EF0073418C /* UIKit.framework */; };
		FBB988E716CCA1EF0073418C /* Foundation.framework in Frameworks */ = {isa = PBXBuildFile; fileRef = FBB988E616CCA1EF0073418C /* Foundation.framework */; };
		FBB988E916CCA1EF0073418C /* CoreGraphics.framework in Frameworks */ = {isa = PBXBuildFile; fileRef = FBB988E816CCA1EF0073418C /* CoreGraphics.framework */; };
		FBB988EF16CCA1EF0073418C /* InfoPlist.strings in Resources */ = {isa = PBXBuildFile; fileRef = FBB988ED16CCA1EF0073418C /* InfoPlist.strings */; };
		FBB988F116CCA1EF0073418C /* main.m in Sources */ = {isa = PBXBuildFile; fileRef = FBB988F016CCA1EF0073418C /* main.m */; };
		FBB988F516CCA1EF0073418C /* AppDelegate.m in Sources */ = {isa = PBXBuildFile; fileRef = FBB988F416CCA1EF0073418C /* AppDelegate.m */; };
		FBB988F716CCA1EF0073418C /* Default.png in Resources */ = {isa = PBXBuildFile; fileRef = FBB988F616CCA1EF0073418C /* Default.png */; };
		FBB988F916CCA1EF0073418C /* Default@2x.png in Resources */ = {isa = PBXBuildFile; fileRef = FBB988F816CCA1EF0073418C /* Default@2x.png */; };
		FBB988FB16CCA1EF0073418C /* Default-568h@2x.png in Resources */ = {isa = PBXBuildFile; fileRef = FBB988FA16CCA1EF0073418C /* Default-568h@2x.png */; };
		FBB988FE16CCA1EF0073418C /* MainStoryboard.storyboard in Resources */ = {isa = PBXBuildFile; fileRef = FBB988FC16CCA1EF0073418C /* MainStoryboard.storyboard */; };
		FBB9890116CCA1EF0073418C /* ViewController.m in Sources */ = {isa = PBXBuildFile; fileRef = FBB9890016CCA1EF0073418C /* ViewController.m */; };
		FBBFA99916CCE23300BBA13D /* World.m in Sources */ = {isa = PBXBuildFile; fileRef = FBBFA99816CCE23300BBA13D /* World.m */; };
		FBBFA99D16CCE29800BBA13D /* PhysicsLogic.m in Sources */ = {isa = PBXBuildFile; fileRef = FBBFA99C16CCE29800BBA13D /* PhysicsLogic.m */; };
		FBBFA9A016CCE36300BBA13D /* WorldyObject.m in Sources */ = {isa = PBXBuildFile; fileRef = FBBFA99F16CCE36300BBA13D /* WorldyObject.m */; };
		FBBFA9A816CCE79600BBA13D /* EnvironmentSettings.m in Sources */ = {isa = PBXBuildFile; fileRef = FBBFA9A716CCE79600BBA13D /* EnvironmentSettings.m */; };
/* End PBXBuildFile section */

/* Begin PBXFileReference section */
		FBB7BF9016CDD1A80057DC39 /* PhysicsLogicTests.octest */ = {isa = PBXFileReference; explicitFileType = wrapper.cfbundle; includeInIndex = 0; path = PhysicsLogicTests.octest; sourceTree = BUILT_PRODUCTS_DIR; };
		FBB7BF9116CDD1A80057DC39 /* SenTestingKit.framework */ = {isa = PBXFileReference; lastKnownFileType = wrapper.framework; name = SenTestingKit.framework; path = Library/Frameworks/SenTestingKit.framework; sourceTree = DEVELOPER_DIR; };
		FBB7BF9716CDD1A80057DC39 /* PhysicsLogicTests-Info.plist */ = {isa = PBXFileReference; lastKnownFileType = text.plist.xml; path = "PhysicsLogicTests-Info.plist"; sourceTree = "<group>"; };
		FBB7BF9916CDD1A80057DC39 /* en */ = {isa = PBXFileReference; lastKnownFileType = text.plist.strings; name = en; path = en.lproj/InfoPlist.strings; sourceTree = "<group>"; };
		FBB7BF9B16CDD1A80057DC39 /* PhysicsLogicTests.h */ = {isa = PBXFileReference; lastKnownFileType = sourcecode.c.h; path = PhysicsLogicTests.h; sourceTree = "<group>"; };
		FBB7BF9C16CDD1A80057DC39 /* PhysicsLogicTests.m */ = {isa = PBXFileReference; lastKnownFileType = sourcecode.c.objc; path = PhysicsLogicTests.m; sourceTree = "<group>"; };
		FBB7BF9E16CDD1A80057DC39 /* PhysicsLogicTests-Prefix.pch */ = {isa = PBXFileReference; lastKnownFileType = sourcecode.c.h; path = "PhysicsLogicTests-Prefix.pch"; sourceTree = "<group>"; };
		FBB7BFA816CDDA010057DC39 /* WorldyObjectTests.octest */ = {isa = PBXFileReference; explicitFileType = wrapper.cfbundle; includeInIndex = 0; path = WorldyObjectTests.octest; sourceTree = BUILT_PRODUCTS_DIR; };
		FBB7BFAE16CDDA010057DC39 /* WorldyObjectTests-Info.plist */ = {isa = PBXFileReference; lastKnownFileType = text.plist.xml; path = "WorldyObjectTests-Info.plist"; sourceTree = "<group>"; };
		FBB7BFB016CDDA010057DC39 /* en */ = {isa = PBXFileReference; lastKnownFileType = text.plist.strings; name = en; path = en.lproj/InfoPlist.strings; sourceTree = "<group>"; };
		FBB7BFB216CDDA010057DC39 /* WorldyObjectTests.h */ = {isa = PBXFileReference; lastKnownFileType = sourcecode.c.h; path = WorldyObjectTests.h; sourceTree = "<group>"; };
		FBB7BFB316CDDA010057DC39 /* WorldyObjectTests.m */ = {isa = PBXFileReference; lastKnownFileType = sourcecode.c.objc; path = WorldyObjectTests.m; sourceTree = "<group>"; };
		FBB7BFB516CDDA010057DC39 /* WorldyObjectTests-Prefix.pch */ = {isa = PBXFileReference; lastKnownFileType = sourcecode.c.h; path = "WorldyObjectTests-Prefix.pch"; sourceTree = "<group>"; };
		FBB7BFC516CDE3B60057DC39 /* WorldyObjectTestSettings.h */ = {isa = PBXFileReference; fileEncoding = 4; lastKnownFileType = sourcecode.c.h; path = WorldyObjectTestSettings.h; sourceTree = "<group>"; };
		FBB7BFC616CDE3B60057DC39 /* WorldyObjectTestSettings.m */ = {isa = PBXFileReference; fileEncoding = 4; lastKnownFileType = sourcecode.c.objc; path = WorldyObjectTestSettings.m; sourceTree = "<group>"; };
		FBB988E016CCA1EF0073418C /* physics engine.app */ = {isa = PBXFileReference; explicitFileType = wrapper.application; includeInIndex = 0; path = "physics engine.app"; sourceTree = BUILT_PRODUCTS_DIR; };
		FBB988E416CCA1EF0073418C /* UIKit.framework */ = {isa = PBXFileReference; lastKnownFileType = wrapper.framework; name = UIKit.framework; path = System/Library/Frameworks/UIKit.framework; sourceTree = SDKROOT; };
		FBB988E616CCA1EF0073418C /* Foundation.framework */ = {isa = PBXFileReference; lastKnownFileType = wrapper.framework; name = Foundation.framework; path = System/Library/Frameworks/Foundation.framework; sourceTree = SDKROOT; };
		FBB988E816CCA1EF0073418C /* CoreGraphics.framework */ = {isa = PBXFileReference; lastKnownFileType = wrapper.framework; name = CoreGraphics.framework; path = System/Library/Frameworks/CoreGraphics.framework; sourceTree = SDKROOT; };
		FBB988EC16CCA1EF0073418C /* physics engine-Info.plist */ = {isa = PBXFileReference; lastKnownFileType = text.plist.xml; path = "physics engine-Info.plist"; sourceTree = "<group>"; };
		FBB988EE16CCA1EF0073418C /* en */ = {isa = PBXFileReference; lastKnownFileType = text.plist.strings; name = en; path = en.lproj/InfoPlist.strings; sourceTree = "<group>"; };
		FBB988F016CCA1EF0073418C /* main.m */ = {isa = PBXFileReference; lastKnownFileType = sourcecode.c.objc; path = main.m; sourceTree = "<group>"; };
		FBB988F216CCA1EF0073418C /* physics engine-Prefix.pch */ = {isa = PBXFileReference; lastKnownFileType = sourcecode.c.h; path = "physics engine-Prefix.pch"; sourceTree = "<group>"; };
		FBB988F316CCA1EF0073418C /* AppDelegate.h */ = {isa = PBXFileReference; lastKnownFileType = sourcecode.c.h; path = AppDelegate.h; sourceTree = "<group>"; };
		FBB988F416CCA1EF0073418C /* AppDelegate.m */ = {isa = PBXFileReference; lastKnownFileType = sourcecode.c.objc; path = AppDelegate.m; sourceTree = "<group>"; };
		FBB988F616CCA1EF0073418C /* Default.png */ = {isa = PBXFileReference; lastKnownFileType = image.png; path = Default.png; sourceTree = "<group>"; };
		FBB988F816CCA1EF0073418C /* Default@2x.png */ = {isa = PBXFileReference; lastKnownFileType = image.png; path = "Default@2x.png"; sourceTree = "<group>"; };
		FBB988FA16CCA1EF0073418C /* Default-568h@2x.png */ = {isa = PBXFileReference; lastKnownFileType = image.png; path = "Default-568h@2x.png"; sourceTree = "<group>"; };
		FBB988FD16CCA1EF0073418C /* en */ = {isa = PBXFileReference; lastKnownFileType = file.storyboard; name = en; path = en.lproj/MainStoryboard.storyboard; sourceTree = "<group>"; };
		FBB988FF16CCA1EF0073418C /* ViewController.h */ = {isa = PBXFileReference; lastKnownFileType = sourcecode.c.h; path = ViewController.h; sourceTree = "<group>"; };
		FBB9890016CCA1EF0073418C /* ViewController.m */ = {isa = PBXFileReference; lastKnownFileType = sourcecode.c.objc; path = ViewController.m; sourceTree = "<group>"; };
		FBB9890716CCA4F20073418C /* Matrix2D.h */ = {isa = PBXFileReference; lastKnownFileType = sourcecode.c.h; path = Matrix2D.h; sourceTree = "<group>"; };
		FBB9890816CCA4F20073418C /* Matrix2D.m */ = {isa = PBXFileReference; lastKnownFileType = sourcecode.c.objc; path = Matrix2D.m; sourceTree = "<group>"; };
		FBB9890916CCA4F20073418C /* Vector2D.h */ = {isa = PBXFileReference; lastKnownFileType = sourcecode.c.h; path = Vector2D.h; sourceTree = "<group>"; };
		FBB9890A16CCA4F20073418C /* Vector2D.m */ = {isa = PBXFileReference; lastKnownFileType = sourcecode.c.objc; path = Vector2D.m; sourceTree = "<group>"; };
		FBBFA99716CCE23300BBA13D /* World.h */ = {isa = PBXFileReference; fileEncoding = 4; lastKnownFileType = sourcecode.c.h; path = World.h; sourceTree = "<group>"; };
		FBBFA99816CCE23300BBA13D /* World.m */ = {isa = PBXFileReference; fileEncoding = 4; lastKnownFileType = sourcecode.c.objc; path = World.m; sourceTree = "<group>"; };
		FBBFA99B16CCE29800BBA13D /* PhysicsLogic.h */ = {isa = PBXFileReference; fileEncoding = 4; lastKnownFileType = sourcecode.c.h; path = PhysicsLogic.h; sourceTree = "<group>"; };
		FBBFA99C16CCE29800BBA13D /* PhysicsLogic.m */ = {isa = PBXFileReference; fileEncoding = 4; lastKnownFileType = sourcecode.c.objc; path = PhysicsLogic.m; sourceTree = "<group>"; };
		FBBFA99E16CCE36300BBA13D /* WorldyObject.h */ = {isa = PBXFileReference; fileEncoding = 4; lastKnownFileType = sourcecode.c.h; path = WorldyObject.h; sourceTree = "<group>"; };
		FBBFA99F16CCE36300BBA13D /* WorldyObject.m */ = {isa = PBXFileReference; fileEncoding = 4; lastKnownFileType = sourcecode.c.objc; path = WorldyObject.m; sourceTree = "<group>"; };
		FBBFA9A616CCE79600BBA13D /* EnvironmentSettings.h */ = {isa = PBXFileReference; fileEncoding = 4; lastKnownFileType = sourcecode.c.h; path = EnvironmentSettings.h; sourceTree = "<group>"; };
		FBBFA9A716CCE79600BBA13D /* EnvironmentSettings.m */ = {isa = PBXFileReference; fileEncoding = 4; lastKnownFileType = sourcecode.c.objc; path = EnvironmentSettings.m; sourceTree = "<group>"; };
/* End PBXFileReference section */

/* Begin PBXFrameworksBuildPhase section */
		FBB7BF8C16CDD1A80057DC39 /* Frameworks */ = {
			isa = PBXFrameworksBuildPhase;
			buildActionMask = 2147483647;
			files = (
				FBB7BF9216CDD1A80057DC39 /* SenTestingKit.framework in Frameworks */,
				FBB7BF9316CDD1A80057DC39 /* UIKit.framework in Frameworks */,
				FBB7BF9416CDD1A80057DC39 /* Foundation.framework in Frameworks */,
			);
			runOnlyForDeploymentPostprocessing = 0;
		};
		FBB7BFA416CDDA010057DC39 /* Frameworks */ = {
			isa = PBXFrameworksBuildPhase;
			buildActionMask = 2147483647;
			files = (
				FBB7BFA916CDDA010057DC39 /* SenTestingKit.framework in Frameworks */,
				FBB7BFAA16CDDA010057DC39 /* UIKit.framework in Frameworks */,
				FBB7BFAB16CDDA010057DC39 /* Foundation.framework in Frameworks */,
			);
			runOnlyForDeploymentPostprocessing = 0;
		};
		FBB988DD16CCA1EF0073418C /* Frameworks */ = {
			isa = PBXFrameworksBuildPhase;
			buildActionMask = 2147483647;
			files = (
				FBB988E516CCA1EF0073418C /* UIKit.framework in Frameworks */,
				FBB988E716CCA1EF0073418C /* Foundation.framework in Frameworks */,
				FBB988E916CCA1EF0073418C /* CoreGraphics.framework in Frameworks */,
			);
			runOnlyForDeploymentPostprocessing = 0;
		};
/* End PBXFrameworksBuildPhase section */

/* Begin PBXGroup section */
		FBB7BF9516CDD1A80057DC39 /* PhysicsLogicTests */ = {
			isa = PBXGroup;
			children = (
				FBB7BF9B16CDD1A80057DC39 /* PhysicsLogicTests.h */,
				FBB7BF9C16CDD1A80057DC39 /* PhysicsLogicTests.m */,
				FBB7BF9616CDD1A80057DC39 /* Supporting Files */,
			);
			path = PhysicsLogicTests;
			sourceTree = "<group>";
		};
		FBB7BF9616CDD1A80057DC39 /* Supporting Files */ = {
			isa = PBXGroup;
			children = (
				FBB7BF9716CDD1A80057DC39 /* PhysicsLogicTests-Info.plist */,
				FBB7BF9816CDD1A80057DC39 /* InfoPlist.strings */,
				FBB7BF9E16CDD1A80057DC39 /* PhysicsLogicTests-Prefix.pch */,
			);
			name = "Supporting Files";
			sourceTree = "<group>";
		};
		FBB7BFAC16CDDA010057DC39 /* WorldyObjectTests */ = {
			isa = PBXGroup;
			children = (
				FBB7BFC516CDE3B60057DC39 /* WorldyObjectTestSettings.h */,
				FBB7BFC616CDE3B60057DC39 /* WorldyObjectTestSettings.m */,
				FBB7BFB216CDDA010057DC39 /* WorldyObjectTests.h */,
				FBB7BFB316CDDA010057DC39 /* WorldyObjectTests.m */,
				FBB7BFAD16CDDA010057DC39 /* Supporting Files */,
			);
			path = WorldyObjectTests;
			sourceTree = "<group>";
		};
		FBB7BFAD16CDDA010057DC39 /* Supporting Files */ = {
			isa = PBXGroup;
			children = (
				FBB7BFAE16CDDA010057DC39 /* WorldyObjectTests-Info.plist */,
				FBB7BFAF16CDDA010057DC39 /* InfoPlist.strings */,
				FBB7BFB516CDDA010057DC39 /* WorldyObjectTests-Prefix.pch */,
			);
			name = "Supporting Files";
			sourceTree = "<group>";
		};
		FBB988D516CCA1EF0073418C = {
			isa = PBXGroup;
			children = (
				FBB988EA16CCA1EF0073418C /* physics_engine */,
				FBB7BF9516CDD1A80057DC39 /* PhysicsLogicTests */,
				FBB7BFAC16CDDA010057DC39 /* WorldyObjectTests */,
				FBB988E316CCA1EF0073418C /* Frameworks */,
				FBB988E116CCA1EF0073418C /* Products */,
			);
			sourceTree = "<group>";
		};
		FBB988E116CCA1EF0073418C /* Products */ = {
			isa = PBXGroup;
			children = (
				FBB988E016CCA1EF0073418C /* physics engine.app */,
				FBB7BF9016CDD1A80057DC39 /* PhysicsLogicTests.octest */,
				FBB7BFA816CDDA010057DC39 /* WorldyObjectTests.octest */,
			);
			name = Products;
			sourceTree = "<group>";
		};
		FBB988E316CCA1EF0073418C /* Frameworks */ = {
			isa = PBXGroup;
			children = (
				FBB988E416CCA1EF0073418C /* UIKit.framework */,
				FBB988E616CCA1EF0073418C /* Foundation.framework */,
				FBB988E816CCA1EF0073418C /* CoreGraphics.framework */,
				FBB7BF9116CDD1A80057DC39 /* SenTestingKit.framework */,
			);
			name = Frameworks;
			sourceTree = "<group>";
		};
		FBB988EA16CCA1EF0073418C /* physics_engine */ = {
			isa = PBXGroup;
			children = (
				FBBFA9A516CCE41F00BBA13D /* Controllers */,
				FBBFA9A316CCE3E700BBA13D /* Models */,
				FBBFA9A216CCE3B600BBA13D /* Logic */,
				FBB988F316CCA1EF0073418C /* AppDelegate.h */,
				FBB988F416CCA1EF0073418C /* AppDelegate.m */,
				FBB988FC16CCA1EF0073418C /* MainStoryboard.storyboard */,
				FBB988EB16CCA1EF0073418C /* Supporting Files */,
			);
			name = physics_engine;
			path = "physics engine";
			sourceTree = "<group>";
		};
		FBB988EB16CCA1EF0073418C /* Supporting Files */ = {
			isa = PBXGroup;
			children = (
				FBB988EC16CCA1EF0073418C /* physics engine-Info.plist */,
				FBB988ED16CCA1EF0073418C /* InfoPlist.strings */,
				FBB988F016CCA1EF0073418C /* main.m */,
				FBB988F216CCA1EF0073418C /* physics engine-Prefix.pch */,
				FBB988F616CCA1EF0073418C /* Default.png */,
				FBB988F816CCA1EF0073418C /* Default@2x.png */,
				FBB988FA16CCA1EF0073418C /* Default-568h@2x.png */,
			);
			name = "Supporting Files";
			sourceTree = "<group>";
		};
		FBBFA9A216CCE3B600BBA13D /* Logic */ = {
			isa = PBXGroup;
			children = (
				FBB9890716CCA4F20073418C /* Matrix2D.h */,
				FBB9890816CCA4F20073418C /* Matrix2D.m */,
				FBB9890916CCA4F20073418C /* Vector2D.h */,
				FBB9890A16CCA4F20073418C /* Vector2D.m */,
				FBBFA99716CCE23300BBA13D /* World.h */,
				FBBFA99816CCE23300BBA13D /* World.m */,
				FBBFA99B16CCE29800BBA13D /* PhysicsLogic.h */,
				FBBFA99C16CCE29800BBA13D /* PhysicsLogic.m */,
				FBBFA9A616CCE79600BBA13D /* EnvironmentSettings.h */,
				FBBFA9A716CCE79600BBA13D /* EnvironmentSettings.m */,
			);
			name = Logic;
			sourceTree = "<group>";
		};
		FBBFA9A316CCE3E700BBA13D /* Models */ = {
			isa = PBXGroup;
			children = (
				FBBFA99E16CCE36300BBA13D /* WorldyObject.h */,
				FBBFA99F16CCE36300BBA13D /* WorldyObject.m */,
			);
			name = Models;
			sourceTree = "<group>";
		};
		FBBFA9A516CCE41F00BBA13D /* Controllers */ = {
			isa = PBXGroup;
			children = (
				FBB988FF16CCA1EF0073418C /* ViewController.h */,
				FBB9890016CCA1EF0073418C /* ViewController.m */,
			);
			name = Controllers;
			sourceTree = "<group>";
		};
/* End PBXGroup section */

/* Begin PBXNativeTarget section */
		FBB7BF8F16CDD1A80057DC39 /* PhysicsLogicTests */ = {
			isa = PBXNativeTarget;
			buildConfigurationList = FBB7BFA116CDD1A80057DC39 /* Build configuration list for PBXNativeTarget "PhysicsLogicTests" */;
			buildPhases = (
				FBB7BF8B16CDD1A80057DC39 /* Sources */,
				FBB7BF8C16CDD1A80057DC39 /* Frameworks */,
				FBB7BF8D16CDD1A80057DC39 /* Resources */,
				FBB7BF8E16CDD1A80057DC39 /* ShellScript */,
			);
			buildRules = (
			);
			dependencies = (
			);
			name = PhysicsLogicTests;
			productName = PhysicsLogicTests;
			productReference = FBB7BF9016CDD1A80057DC39 /* PhysicsLogicTests.octest */;
			productType = "com.apple.product-type.bundle";
		};
		FBB7BFA716CDDA010057DC39 /* WorldyObjectTests */ = {
			isa = PBXNativeTarget;
			buildConfigurationList = FBB7BFB616CDDA010057DC39 /* Build configuration list for PBXNativeTarget "WorldyObjectTests" */;
			buildPhases = (
				FBB7BFA316CDDA010057DC39 /* Sources */,
				FBB7BFA416CDDA010057DC39 /* Frameworks */,
				FBB7BFA516CDDA010057DC39 /* Resources */,
				FBB7BFA616CDDA010057DC39 /* ShellScript */,
			);
			buildRules = (
			);
			dependencies = (
			);
			name = WorldyObjectTests;
			productName = WorldyObjectTests;
			productReference = FBB7BFA816CDDA010057DC39 /* WorldyObjectTests.octest */;
			productType = "com.apple.product-type.bundle";
		};
		FBB988DF16CCA1EF0073418C /* physics engine */ = {
			isa = PBXNativeTarget;
			buildConfigurationList = FBB9890416CCA1EF0073418C /* Build configuration list for PBXNativeTarget "physics engine" */;
			buildPhases = (
				FBB988DC16CCA1EF0073418C /* Sources */,
				FBB988DD16CCA1EF0073418C /* Frameworks */,
				FBB988DE16CCA1EF0073418C /* Resources */,
			);
			buildRules = (
			);
			dependencies = (
			);
			name = "physics engine";
			productName = "physics engine";
			productReference = FBB988E016CCA1EF0073418C /* physics engine.app */;
			productType = "com.apple.product-type.application";
		};
/* End PBXNativeTarget section */

/* Begin PBXProject section */
		FBB988D716CCA1EF0073418C /* Project object */ = {
			isa = PBXProject;
			attributes = {
				LastUpgradeCheck = 0450;
				ORGANIZATIONNAME = nus.cs3217;
			};
			buildConfigurationList = FBB988DA16CCA1EF0073418C /* Build configuration list for PBXProject "physics engine" */;
			compatibilityVersion = "Xcode 3.2";
			developmentRegion = English;
			hasScannedForEncodings = 0;
			knownRegions = (
				en,
			);
			mainGroup = FBB988D516CCA1EF0073418C;
			productRefGroup = FBB988E116CCA1EF0073418C /* Products */;
			projectDirPath = "";
			projectRoot = "";
			targets = (
				FBB988DF16CCA1EF0073418C /* physics engine */,
				FBB7BF8F16CDD1A80057DC39 /* PhysicsLogicTests */,
				FBB7BFA716CDDA010057DC39 /* WorldyObjectTests */,
			);
		};
/* End PBXProject section */

/* Begin PBXResourcesBuildPhase section */
		FBB7BF8D16CDD1A80057DC39 /* Resources */ = {
			isa = PBXResourcesBuildPhase;
			buildActionMask = 2147483647;
			files = (
				FBB7BF9A16CDD1A80057DC39 /* InfoPlist.strings in Resources */,
			);
			runOnlyForDeploymentPostprocessing = 0;
		};
		FBB7BFA516CDDA010057DC39 /* Resources */ = {
			isa = PBXResourcesBuildPhase;
			buildActionMask = 2147483647;
			files = (
				FBB7BFB116CDDA010057DC39 /* InfoPlist.strings in Resources */,
			);
			runOnlyForDeploymentPostprocessing = 0;
		};
		FBB988DE16CCA1EF0073418C /* Resources */ = {
			isa = PBXResourcesBuildPhase;
			buildActionMask = 2147483647;
			files = (
				FBB988EF16CCA1EF0073418C /* InfoPlist.strings in Resources */,
				FBB988F716CCA1EF0073418C /* Default.png in Resources */,
				FBB988F916CCA1EF0073418C /* Default@2x.png in Resources */,
				FBB988FB16CCA1EF0073418C /* Default-568h@2x.png in Resources */,
				FBB988FE16CCA1EF0073418C /* MainStoryboard.storyboard in Resources */,
			);
			runOnlyForDeploymentPostprocessing = 0;
		};
/* End PBXResourcesBuildPhase section */

/* Begin PBXShellScriptBuildPhase section */
		FBB7BF8E16CDD1A80057DC39 /* ShellScript */ = {
			isa = PBXShellScriptBuildPhase;
			buildActionMask = 2147483647;
			files = (
			);
			inputPaths = (
			);
			outputPaths = (
			);
			runOnlyForDeploymentPostprocessing = 0;
			shellPath = /bin/sh;
			shellScript = "# Run the unit tests in this test bundle.\n\"${SYSTEM_DEVELOPER_DIR}/Tools/RunUnitTests\"\n";
		};
		FBB7BFA616CDDA010057DC39 /* ShellScript */ = {
			isa = PBXShellScriptBuildPhase;
			buildActionMask = 2147483647;
			files = (
			);
			inputPaths = (
			);
			outputPaths = (
			);
			runOnlyForDeploymentPostprocessing = 0;
			shellPath = /bin/sh;
			shellScript = "# Run the unit tests in this test bundle.\n\"${SYSTEM_DEVELOPER_DIR}/Tools/RunUnitTests\"\n";
		};
/* End PBXShellScriptBuildPhase section */

/* Begin PBXSourcesBuildPhase section */
		FBB7BF8B16CDD1A80057DC39 /* Sources */ = {
			isa = PBXSourcesBuildPhase;
			buildActionMask = 2147483647;
			files = (
				FBB7BF9D16CDD1A80057DC39 /* PhysicsLogicTests.m in Sources */,
				FBB7BFB916CDE1670057DC39 /* Matrix2D.m in Sources */,
				FBB7BFBB16CDE16B0057DC39 /* Vector2D.m in Sources */,
				FBB7BFBD16CDE16F0057DC39 /* World.m in Sources */,
				FBB7BFBF16CDE1720057DC39 /* PhysicsLogic.m in Sources */,
				FBB7BFC416CDE27A0057DC39 /* EnvironmentSettings.m in Sources */,
				FBB7337816CE37580026B7EB /* WorldyObject.m in Sources */,
			);
			runOnlyForDeploymentPostprocessing = 0;
		};
		FBB7BFA316CDDA010057DC39 /* Sources */ = {
			isa = PBXSourcesBuildPhase;
			buildActionMask = 2147483647;
			files = (
				FBB7BFB416CDDA010057DC39 /* WorldyObjectTests.m in Sources */,
				FBB7BFBA16CDE1680057DC39 /* Matrix2D.m in Sources */,
				FBB7BFBC16CDE16B0057DC39 /* Vector2D.m in Sources */,
				FBB7BFBE16CDE16F0057DC39 /* World.m in Sources */,
				FBB7BFC016CDE1730057DC39 /* PhysicsLogic.m in Sources */,
				FBB7BFC116CDE1960057DC39 /* WorldyObject.m in Sources */,
				FBB7BFC316CDE2780057DC39 /* EnvironmentSettings.m in Sources */,
				FBB7BFC716CDE3B60057DC39 /* WorldyObjectTestSettings.m in Sources */,
			);
			runOnlyForDeploymentPostprocessing = 0;
		};
		FBB988DC16CCA1EF0073418C /* Sources */ = {
			isa = PBXSourcesBuildPhase;
			buildActionMask = 2147483647;
			files = (
				FBB988F116CCA1EF0073418C /* main.m in Sources */,
				FBB988F516CCA1EF0073418C /* AppDelegate.m in Sources */,
				FBB9890116CCA1EF0073418C /* ViewController.m in Sources */,
				FBBFA99916CCE23300BBA13D /* World.m in Sources */,
				FBBFA99D16CCE29800BBA13D /* PhysicsLogic.m in Sources */,
				FBBFA9A016CCE36300BBA13D /* WorldyObject.m in Sources */,
				FBBFA9A816CCE79600BBA13D /* EnvironmentSettings.m in Sources */,
				FB77B33016CD251D00EE09B2 /* Matrix2D.m in Sources */,
				FB77B33216CD252400EE09B2 /* Vector2D.m in Sources */,
			);
			runOnlyForDeploymentPostprocessing = 0;
		};
/* End PBXSourcesBuildPhase section */

/* Begin PBXVariantGroup section */
		FBB7BF9816CDD1A80057DC39 /* InfoPlist.strings */ = {
			isa = PBXVariantGroup;
			children = (
				FBB7BF9916CDD1A80057DC39 /* en */,
			);
			name = InfoPlist.strings;
			sourceTree = "<group>";
		};
		FBB7BFAF16CDDA010057DC39 /* InfoPlist.strings */ = {
			isa = PBXVariantGroup;
			children = (
				FBB7BFB016CDDA010057DC39 /* en */,
			);
			name = InfoPlist.strings;
			sourceTree = "<group>";
		};
		FBB988ED16CCA1EF0073418C /* InfoPlist.strings */ = {
			isa = PBXVariantGroup;
			children = (
				FBB988EE16CCA1EF0073418C /* en */,
			);
			name = InfoPlist.strings;
			sourceTree = "<group>";
		};
		FBB988FC16CCA1EF0073418C /* MainStoryboard.storyboard */ = {
			isa = PBXVariantGroup;
			children = (
				FBB988FD16CCA1EF0073418C /* en */,
			);
			name = MainStoryboard.storyboard;
			sourceTree = "<group>";
		};
/* End PBXVariantGroup section */

/* Begin XCBuildConfiguration section */
		FBB7BF9F16CDD1A80057DC39 /* Debug */ = {
			isa = XCBuildConfiguration;
			buildSettings = {
				FRAMEWORK_SEARCH_PATHS = (
					"\"$(SDKROOT)/Developer/Library/Frameworks\"",
					"\"$(DEVELOPER_LIBRARY_DIR)/Frameworks\"",
				);
				GCC_PRECOMPILE_PREFIX_HEADER = YES;
				GCC_PREFIX_HEADER = "PhysicsLogicTests/PhysicsLogicTests-Prefix.pch";
				INFOPLIST_FILE = "PhysicsLogicTests/PhysicsLogicTests-Info.plist";
				PRODUCT_NAME = "$(TARGET_NAME)";
				WRAPPER_EXTENSION = octest;
			};
			name = Debug;
		};
		FBB7BFA016CDD1A80057DC39 /* Release */ = {
			isa = XCBuildConfiguration;
			buildSettings = {
				FRAMEWORK_SEARCH_PATHS = (
					"\"$(SDKROOT)/Developer/Library/Frameworks\"",
					"\"$(DEVELOPER_LIBRARY_DIR)/Frameworks\"",
				);
				GCC_PRECOMPILE_PREFIX_HEADER = YES;
				GCC_PREFIX_HEADER = "PhysicsLogicTests/PhysicsLogicTests-Prefix.pch";
				INFOPLIST_FILE = "PhysicsLogicTests/PhysicsLogicTests-Info.plist";
				PRODUCT_NAME = "$(TARGET_NAME)";
				WRAPPER_EXTENSION = octest;
			};
			name = Release;
		};
		FBB7BFB716CDDA010057DC39 /* Debug */ = {
			isa = XCBuildConfiguration;
			buildSettings = {
				FRAMEWORK_SEARCH_PATHS = (
					"\"$(SDKROOT)/Developer/Library/Frameworks\"",
					"\"$(DEVELOPER_LIBRARY_DIR)/Frameworks\"",
				);
				GCC_PRECOMPILE_PREFIX_HEADER = YES;
				GCC_PREFIX_HEADER = "WorldyObjectTests/WorldyObjectTests-Prefix.pch";
				INFOPLIST_FILE = "WorldyObjectTests/WorldyObjectTests-Info.plist";
				PRODUCT_NAME = "$(TARGET_NAME)";
				WRAPPER_EXTENSION = octest;
			};
			name = Debug;
		};
		FBB7BFB816CDDA010057DC39 /* Release */ = {
			isa = XCBuildConfiguration;
			buildSettings = {
				FRAMEWORK_SEARCH_PATHS = (
					"\"$(SDKROOT)/Developer/Library/Frameworks\"",
					"\"$(DEVELOPER_LIBRARY_DIR)/Frameworks\"",
				);
				GCC_PRECOMPILE_PREFIX_HEADER = YES;
				GCC_PREFIX_HEADER = "WorldyObjectTests/WorldyObjectTests-Prefix.pch";
				INFOPLIST_FILE = "WorldyObjectTests/WorldyObjectTests-Info.plist";
				PRODUCT_NAME = "$(TARGET_NAME)";
				WRAPPER_EXTENSION = octest;
			};
			name = Release;
		};
		FBB9890216CCA1EF0073418C /* Debug */ = {
			isa = XCBuildConfiguration;
			buildSettings = {
				ALWAYS_SEARCH_USER_PATHS = NO;
				CLANG_CXX_LANGUAGE_STANDARD = "gnu++0x";
				CLANG_CXX_LIBRARY = "libc++";
				CLANG_ENABLE_OBJC_ARC = YES;
				CLANG_WARN_EMPTY_BODY = YES;
				CLANG_WARN__DUPLICATE_METHOD_MATCH = YES;
				"CODE_SIGN_IDENTITY[sdk=iphoneos*]" = "iPhone Developer";
				COPY_PHASE_STRIP = NO;
				GCC_C_LANGUAGE_STANDARD = gnu99;
				GCC_DYNAMIC_NO_PIC = NO;
				GCC_OPTIMIZATION_LEVEL = 0;
				GCC_PREPROCESSOR_DEFINITIONS = (
					"DEBUG=1",
					"$(inherited)",
				);
				GCC_SYMBOLS_PRIVATE_EXTERN = NO;
				GCC_WARN_ABOUT_RETURN_TYPE = YES;
				GCC_WARN_UNINITIALIZED_AUTOS = YES;
				GCC_WARN_UNUSED_VARIABLE = YES;
				IPHONEOS_DEPLOYMENT_TARGET = 6.0;
				ONLY_ACTIVE_ARCH = YES;
				SDKROOT = iphoneos;
				TARGETED_DEVICE_FAMILY = 2;
			};
			name = Debug;
		};
		FBB9890316CCA1EF0073418C /* Release */ = {
			isa = XCBuildConfiguration;
			buildSettings = {
				ALWAYS_SEARCH_USER_PATHS = NO;
				CLANG_CXX_LANGUAGE_STANDARD = "gnu++0x";
				CLANG_CXX_LIBRARY = "libc++";
				CLANG_ENABLE_OBJC_ARC = YES;
				CLANG_WARN_EMPTY_BODY = YES;
				CLANG_WARN__DUPLICATE_METHOD_MATCH = YES;
				"CODE_SIGN_IDENTITY[sdk=iphoneos*]" = "iPhone Developer";
				COPY_PHASE_STRIP = YES;
				GCC_C_LANGUAGE_STANDARD = gnu99;
				GCC_WARN_ABOUT_RETURN_TYPE = YES;
				GCC_WARN_UNINITIALIZED_AUTOS = YES;
				GCC_WARN_UNUSED_VARIABLE = YES;
				IPHONEOS_DEPLOYMENT_TARGET = 6.0;
				OTHER_CFLAGS = "-DNS_BLOCK_ASSERTIONS=1";
				SDKROOT = iphoneos;
				TARGETED_DEVICE_FAMILY = 2;
				VALIDATE_PRODUCT = YES;
			};
			name = Release;
		};
		FBB9890516CCA1EF0073418C /* Debug */ = {
			isa = XCBuildConfiguration;
			buildSettings = {
				GCC_PRECOMPILE_PREFIX_HEADER = YES;
				GCC_PREFIX_HEADER = "physics engine/physics engine-Prefix.pch";
				INFOPLIST_FILE = "physics engine/physics engine-Info.plist";
				PRODUCT_NAME = "$(TARGET_NAME)";
				WRAPPER_EXTENSION = app;
			};
			name = Debug;
		};
		FBB9890616CCA1EF0073418C /* Release */ = {
			isa = XCBuildConfiguration;
			buildSettings = {
				GCC_PRECOMPILE_PREFIX_HEADER = YES;
				GCC_PREFIX_HEADER = "physics engine/physics engine-Prefix.pch";
				INFOPLIST_FILE = "physics engine/physics engine-Info.plist";
				PRODUCT_NAME = "$(TARGET_NAME)";
				WRAPPER_EXTENSION = app;
			};
			name = Release;
		};
/* End XCBuildConfiguration section */

/* Begin XCConfigurationList section */
		FBB7BFA116CDD1A80057DC39 /* Build configuration list for PBXNativeTarget "PhysicsLogicTests" */ = {
			isa = XCConfigurationList;
			buildConfigurations = (
				FBB7BF9F16CDD1A80057DC39 /* Debug */,
				FBB7BFA016CDD1A80057DC39 /* Release */,
			);
			defaultConfigurationIsVisible = 0;
			defaultConfigurationName = Release;
		};
		FBB7BFB616CDDA010057DC39 /* Build configuration list for PBXNativeTarget "WorldyObjectTests" */ = {
			isa = XCConfigurationList;
			buildConfigurations = (
				FBB7BFB716CDDA010057DC39 /* Debug */,
				FBB7BFB816CDDA010057DC39 /* Release */,
			);
			defaultConfigurationIsVisible = 0;
			defaultConfigurationName = Release;
		};
		FBB988DA16CCA1EF0073418C /* Build configuration list for PBXProject "physics engine" */ = {
			isa = XCConfigurationList;
			buildConfigurations = (
				FBB9890216CCA1EF0073418C /* Debug */,
				FBB9890316CCA1EF0073418C /* Release */,
			);
			defaultConfigurationIsVisible = 0;
			defaultConfigurationName = Release;
		};
		FBB9890416CCA1EF0073418C /* Build configuration list for PBXNativeTarget "physics engine" */ = {
			isa = XCConfigurationList;
			buildConfigurations = (
				FBB9890516CCA1EF0073418C /* Debug */,
				FBB9890616CCA1EF0073418C /* Release */,
			);
			defaultConfigurationIsVisible = 0;
			defaultConfigurationName = Release;
		};
/* End XCConfigurationList section */
	};
	rootObject = FBB988D716CCA1EF0073418C /* Project object */;
}
